// !$*UTF8*$!
{
	archiveVersion = 1;
	classes = {
	};
	objectVersion = 51;
	objects = {

/* Begin PBXBuildFile section */
		12269D6C1BDC6DF7CF00CFD5 /* Pods_ExChanger.framework in Frameworks */ = {isa = PBXBuildFile; fileRef = CD87D1E573D5DF0345820B95 /* Pods_ExChanger.framework */; };
		4213116B265BF98D0037CCE0 /* ToastView.swift in Sources */ = {isa = PBXBuildFile; fileRef = 4213116A265BF98D0037CCE0 /* ToastView.swift */; };
		8C4C7F5E24CD91280011DAD1 /* IndicatorView.swift in Sources */ = {isa = PBXBuildFile; fileRef = 8C4C7F5D24CD91280011DAD1 /* IndicatorView.swift */; };
		8C4C7F6024CD91530011DAD1 /* UserDefaults+Extension.swift in Sources */ = {isa = PBXBuildFile; fileRef = 8C4C7F5F24CD91530011DAD1 /* UserDefaults+Extension.swift */; };
		8C4C7F6224CD915A0011DAD1 /* UserDefaultsKeys.swift in Sources */ = {isa = PBXBuildFile; fileRef = 8C4C7F6124CD915A0011DAD1 /* UserDefaultsKeys.swift */; };
		8C4C7F6424CD98F10011DAD1 /* Currencies.swift in Sources */ = {isa = PBXBuildFile; fileRef = 8C4C7F6324CD98F10011DAD1 /* Currencies.swift */; };
		8C4C7F6624CDA8E70011DAD1 /* CurrencylayerAPIClient.swift in Sources */ = {isa = PBXBuildFile; fileRef = 8C4C7F6524CDA8E70011DAD1 /* CurrencylayerAPIClient.swift */; };
		8C4C7F6824CDB9220011DAD1 /* Reachability.swift in Sources */ = {isa = PBXBuildFile; fileRef = 8C4C7F6724CDB9220011DAD1 /* Reachability.swift */; };
		8C4C7F6A24CDBA690011DAD1 /* Paths.swift in Sources */ = {isa = PBXBuildFile; fileRef = 8C4C7F6924CDBA690011DAD1 /* Paths.swift */; };
		8C52919F24F6F27E000A14D9 /* Assets.xcassets in Resources */ = {isa = PBXBuildFile; fileRef = 8C52919E24F6F27D000A14D9 /* Assets.xcassets */; };
		8C52A4AA24CE90A200E36B13 /* CurrenciesViewModel.swift in Sources */ = {isa = PBXBuildFile; fileRef = 8C52A4A924CE90A200E36B13 /* CurrenciesViewModel.swift */; };
		8C52A4AC24CE950400E36B13 /* Quotes.swift in Sources */ = {isa = PBXBuildFile; fileRef = 8C52A4AB24CE950400E36B13 /* Quotes.swift */; };
		8C53D55D24CBDF5D00D3395C /* AppDelegate.swift in Sources */ = {isa = PBXBuildFile; fileRef = 8C53D55C24CBDF5D00D3395C /* AppDelegate.swift */; };
		8C53D55F24CBDF5D00D3395C /* SceneDelegate.swift in Sources */ = {isa = PBXBuildFile; fileRef = 8C53D55E24CBDF5D00D3395C /* SceneDelegate.swift */; };
		8C53D56624CBDF5D00D3395C /* Main.storyboard in Resources */ = {isa = PBXBuildFile; fileRef = 8C53D56424CBDF5D00D3395C /* Main.storyboard */; };
		8C53D56924CBDF5D00D3395C /* ExChanger.xcdatamodeld in Sources */ = {isa = PBXBuildFile; fileRef = 8C53D56724CBDF5D00D3395C /* ExChanger.xcdatamodeld */; };
		8C53D56E24CBDF5F00D3395C /* LaunchScreen.storyboard in Resources */ = {isa = PBXBuildFile; fileRef = 8C53D56C24CBDF5F00D3395C /* LaunchScreen.storyboard */; };
		8C53D57924CBDF5F00D3395C /* ExChangerTests.swift in Sources */ = {isa = PBXBuildFile; fileRef = 8C53D57824CBDF5F00D3395C /* ExChangerTests.swift */; };
		8C53D58424CBDF5F00D3395C /* ExChangerUITests.swift in Sources */ = {isa = PBXBuildFile; fileRef = 8C53D58324CBDF5F00D3395C /* ExChangerUITests.swift */; };
		8C53D59D24CBEC6500D3395C /* ConvertViewController.swift in Sources */ = {isa = PBXBuildFile; fileRef = 8C53D59C24CBEC6500D3395C /* ConvertViewController.swift */; };
		8C53D59F24CBECD400D3395C /* HistoryViewController.swift in Sources */ = {isa = PBXBuildFile; fileRef = 8C53D59E24CBECD400D3395C /* HistoryViewController.swift */; };
		8C53D5A124CBED1200D3395C /* CurrencyListViewController.swift in Sources */ = {isa = PBXBuildFile; fileRef = 8C53D5A024CBED1200D3395C /* CurrencyListViewController.swift */; };
		8C53D5A324CBED4500D3395C /* ConvertViewModel.swift in Sources */ = {isa = PBXBuildFile; fileRef = 8C53D5A224CBED4500D3395C /* ConvertViewModel.swift */; };
		8C53D5A524CBED6300D3395C /* HistoryViewModel.swift in Sources */ = {isa = PBXBuildFile; fileRef = 8C53D5A424CBED6300D3395C /* HistoryViewModel.swift */; };
		8C53D5A724CBED7900D3395C /* CurrencyListViewModel.swift in Sources */ = {isa = PBXBuildFile; fileRef = 8C53D5A624CBED7900D3395C /* CurrencyListViewModel.swift */; };
		8C55D1B924D093FF008D40F0 /* Convert.swift in Sources */ = {isa = PBXBuildFile; fileRef = 8C55D1B824D093FF008D40F0 /* Convert.swift */; };
		8CA5B3F124D1DFC0009210D2 /* SectionOfConversion.swift in Sources */ = {isa = PBXBuildFile; fileRef = 8CA5B3F024D1DFC0009210D2 /* SectionOfConversion.swift */; };
		8CA5B3F324D1E4BF009210D2 /* CoreDataClient.swift in Sources */ = {isa = PBXBuildFile; fileRef = 8CA5B3F224D1E4BF009210D2 /* CoreDataClient.swift */; };
		8CCAAADE24D17A2000334754 /* HistoryTableViewCell.swift in Sources */ = {isa = PBXBuildFile; fileRef = 8CCAAADC24D17A1F00334754 /* HistoryTableViewCell.swift */; };
		8CCAAADF24D17A2000334754 /* HistoryTableViewCell.xib in Resources */ = {isa = PBXBuildFile; fileRef = 8CCAAADD24D17A2000334754 /* HistoryTableViewCell.xib */; };
		8CCAAAE124D17A5600334754 /* ExchangerUtil.swift in Sources */ = {isa = PBXBuildFile; fileRef = 8CCAAAE024D17A5600334754 /* ExchangerUtil.swift */; };
		8CF3B27824CD304D00C4390E /* CurrencyListTableViewCell.swift in Sources */ = {isa = PBXBuildFile; fileRef = 8CF3B27724CD304D00C4390E /* CurrencyListTableViewCell.swift */; };
		8CF7E4C924CC923B007FAACB /* CurrenciesConvertViewController.swift in Sources */ = {isa = PBXBuildFile; fileRef = 8CF7E4C824CC923B007FAACB /* CurrenciesConvertViewController.swift */; };
		8CF7E4CC24CC99BD007FAACB /* CurrenciesVonvertTableViewCell.swift in Sources */ = {isa = PBXBuildFile; fileRef = 8CF7E4CB24CC99BD007FAACB /* CurrenciesVonvertTableViewCell.swift */; };
		EEC9217C24E8E29A00B44696 /* Const.swift in Sources */ = {isa = PBXBuildFile; fileRef = EEC9217B24E8E29A00B44696 /* Const.swift */; };
		EEF2402A24E8EBC100FE4CA7 /* GoogleService-Info.plist in Resources */ = {isa = PBXBuildFile; fileRef = EEF2402924E8EBC100FE4CA7 /* GoogleService-Info.plist */; };
/* End PBXBuildFile section */

/* Begin PBXContainerItemProxy section */
		8C53D57524CBDF5F00D3395C /* PBXContainerItemProxy */ = {
			isa = PBXContainerItemProxy;
			containerPortal = 8C53D55124CBDF5D00D3395C /* Project object */;
			proxyType = 1;
			remoteGlobalIDString = 8C53D55824CBDF5D00D3395C;
			remoteInfo = ExChanger;
		};
		8C53D58024CBDF5F00D3395C /* PBXContainerItemProxy */ = {
			isa = PBXContainerItemProxy;
			containerPortal = 8C53D55124CBDF5D00D3395C /* Project object */;
			proxyType = 1;
			remoteGlobalIDString = 8C53D55824CBDF5D00D3395C;
			remoteInfo = ExChanger;
		};
/* End PBXContainerItemProxy section */

/* Begin PBXFileReference section */
		4213116A265BF98D0037CCE0 /* ToastView.swift */ = {isa = PBXFileReference; fileEncoding = 4; lastKnownFileType = sourcecode.swift; path = ToastView.swift; sourceTree = "<group>"; };
		8C4C7F5D24CD91280011DAD1 /* IndicatorView.swift */ = {isa = PBXFileReference; fileEncoding = 4; lastKnownFileType = sourcecode.swift; path = IndicatorView.swift; sourceTree = "<group>"; };
		8C4C7F5F24CD91530011DAD1 /* UserDefaults+Extension.swift */ = {isa = PBXFileReference; fileEncoding = 4; lastKnownFileType = sourcecode.swift; path = "UserDefaults+Extension.swift"; sourceTree = "<group>"; };
		8C4C7F6124CD915A0011DAD1 /* UserDefaultsKeys.swift */ = {isa = PBXFileReference; fileEncoding = 4; lastKnownFileType = sourcecode.swift; path = UserDefaultsKeys.swift; sourceTree = "<group>"; };
		8C4C7F6324CD98F10011DAD1 /* Currencies.swift */ = {isa = PBXFileReference; lastKnownFileType = sourcecode.swift; path = Currencies.swift; sourceTree = "<group>"; };
		8C4C7F6524CDA8E70011DAD1 /* CurrencylayerAPIClient.swift */ = {isa = PBXFileReference; lastKnownFileType = sourcecode.swift; path = CurrencylayerAPIClient.swift; sourceTree = "<group>"; };
		8C4C7F6724CDB9220011DAD1 /* Reachability.swift */ = {isa = PBXFileReference; fileEncoding = 4; lastKnownFileType = sourcecode.swift; path = Reachability.swift; sourceTree = "<group>"; };
		8C4C7F6924CDBA690011DAD1 /* Paths.swift */ = {isa = PBXFileReference; lastKnownFileType = sourcecode.swift; path = Paths.swift; sourceTree = "<group>"; };
		8C4C7F6B24CDE3630011DAD1 /* RxSwift.framework */ = {isa = PBXFileReference; explicitFileType = wrapper.framework; path = RxSwift.framework; sourceTree = BUILT_PRODUCTS_DIR; };
		8C4C7F6F24CDE36E0011DAD1 /* RxCocoa.framework */ = {isa = PBXFileReference; explicitFileType = wrapper.framework; path = RxCocoa.framework; sourceTree = BUILT_PRODUCTS_DIR; };
		8C52919E24F6F27D000A14D9 /* Assets.xcassets */ = {isa = PBXFileReference; lastKnownFileType = folder.assetcatalog; path = Assets.xcassets; sourceTree = "<group>"; };
		8C52A4A924CE90A200E36B13 /* CurrenciesViewModel.swift */ = {isa = PBXFileReference; lastKnownFileType = sourcecode.swift; path = CurrenciesViewModel.swift; sourceTree = "<group>"; };
		8C52A4AB24CE950400E36B13 /* Quotes.swift */ = {isa = PBXFileReference; lastKnownFileType = sourcecode.swift; path = Quotes.swift; sourceTree = "<group>"; };
		8C53D55924CBDF5D00D3395C /* ExChanger.app */ = {isa = PBXFileReference; explicitFileType = wrapper.application; includeInIndex = 0; path = ExChanger.app; sourceTree = BUILT_PRODUCTS_DIR; };
		8C53D55C24CBDF5D00D3395C /* AppDelegate.swift */ = {isa = PBXFileReference; lastKnownFileType = sourcecode.swift; path = AppDelegate.swift; sourceTree = "<group>"; };
		8C53D55E24CBDF5D00D3395C /* SceneDelegate.swift */ = {isa = PBXFileReference; lastKnownFileType = sourcecode.swift; path = SceneDelegate.swift; sourceTree = "<group>"; };
		8C53D56524CBDF5D00D3395C /* Base */ = {isa = PBXFileReference; lastKnownFileType = file.storyboard; name = Base; path = Base.lproj/Main.storyboard; sourceTree = "<group>"; };
		8C53D56824CBDF5D00D3395C /* ExChanger.xcdatamodel */ = {isa = PBXFileReference; lastKnownFileType = wrapper.xcdatamodel; path = ExChanger.xcdatamodel; sourceTree = "<group>"; };
		8C53D56D24CBDF5F00D3395C /* Base */ = {isa = PBXFileReference; lastKnownFileType = file.storyboard; name = Base; path = Base.lproj/LaunchScreen.storyboard; sourceTree = "<group>"; };
		8C53D56F24CBDF5F00D3395C /* Info.plist */ = {isa = PBXFileReference; lastKnownFileType = text.plist.xml; path = Info.plist; sourceTree = "<group>"; };
		8C53D57424CBDF5F00D3395C /* ExChangerTests.xctest */ = {isa = PBXFileReference; explicitFileType = wrapper.cfbundle; includeInIndex = 0; path = ExChangerTests.xctest; sourceTree = BUILT_PRODUCTS_DIR; };
		8C53D57824CBDF5F00D3395C /* ExChangerTests.swift */ = {isa = PBXFileReference; lastKnownFileType = sourcecode.swift; path = ExChangerTests.swift; sourceTree = "<group>"; };
		8C53D57A24CBDF5F00D3395C /* Info.plist */ = {isa = PBXFileReference; lastKnownFileType = text.plist.xml; path = Info.plist; sourceTree = "<group>"; };
		8C53D57F24CBDF5F00D3395C /* ExChangerUITests.xctest */ = {isa = PBXFileReference; explicitFileType = wrapper.cfbundle; includeInIndex = 0; path = ExChangerUITests.xctest; sourceTree = BUILT_PRODUCTS_DIR; };
		8C53D58324CBDF5F00D3395C /* ExChangerUITests.swift */ = {isa = PBXFileReference; lastKnownFileType = sourcecode.swift; path = ExChangerUITests.swift; sourceTree = "<group>"; };
		8C53D58524CBDF5F00D3395C /* Info.plist */ = {isa = PBXFileReference; lastKnownFileType = text.plist.xml; path = Info.plist; sourceTree = "<group>"; };
		8C53D59C24CBEC6500D3395C /* ConvertViewController.swift */ = {isa = PBXFileReference; lastKnownFileType = sourcecode.swift; path = ConvertViewController.swift; sourceTree = "<group>"; };
		8C53D59E24CBECD400D3395C /* HistoryViewController.swift */ = {isa = PBXFileReference; lastKnownFileType = sourcecode.swift; path = HistoryViewController.swift; sourceTree = "<group>"; };
		8C53D5A024CBED1200D3395C /* CurrencyListViewController.swift */ = {isa = PBXFileReference; lastKnownFileType = sourcecode.swift; path = CurrencyListViewController.swift; sourceTree = "<group>"; };
		8C53D5A224CBED4500D3395C /* ConvertViewModel.swift */ = {isa = PBXFileReference; lastKnownFileType = sourcecode.swift; path = ConvertViewModel.swift; sourceTree = "<group>"; };
		8C53D5A424CBED6300D3395C /* HistoryViewModel.swift */ = {isa = PBXFileReference; lastKnownFileType = sourcecode.swift; path = HistoryViewModel.swift; sourceTree = "<group>"; };
		8C53D5A624CBED7900D3395C /* CurrencyListViewModel.swift */ = {isa = PBXFileReference; lastKnownFileType = sourcecode.swift; path = CurrencyListViewModel.swift; sourceTree = "<group>"; };
		8C55D1B824D093FF008D40F0 /* Convert.swift */ = {isa = PBXFileReference; lastKnownFileType = sourcecode.swift; path = Convert.swift; sourceTree = "<group>"; };
		8C7D48BCBAF69DBD3450AA3A /* Pods-ExChanger.release.xcconfig */ = {isa = PBXFileReference; includeInIndex = 1; lastKnownFileType = text.xcconfig; name = "Pods-ExChanger.release.xcconfig"; path = "Target Support Files/Pods-ExChanger/Pods-ExChanger.release.xcconfig"; sourceTree = "<group>"; };
		8CA5B3F024D1DFC0009210D2 /* SectionOfConversion.swift */ = {isa = PBXFileReference; lastKnownFileType = sourcecode.swift; path = SectionOfConversion.swift; sourceTree = "<group>"; };
		8CA5B3F224D1E4BF009210D2 /* CoreDataClient.swift */ = {isa = PBXFileReference; lastKnownFileType = sourcecode.swift; path = CoreDataClient.swift; sourceTree = "<group>"; };
		8CCAAADC24D17A1F00334754 /* HistoryTableViewCell.swift */ = {isa = PBXFileReference; fileEncoding = 4; lastKnownFileType = sourcecode.swift; path = HistoryTableViewCell.swift; sourceTree = "<group>"; };
		8CCAAADD24D17A2000334754 /* HistoryTableViewCell.xib */ = {isa = PBXFileReference; fileEncoding = 4; lastKnownFileType = file.xib; path = HistoryTableViewCell.xib; sourceTree = "<group>"; };
		8CCAAAE024D17A5600334754 /* ExchangerUtil.swift */ = {isa = PBXFileReference; fileEncoding = 4; lastKnownFileType = sourcecode.swift; path = ExchangerUtil.swift; sourceTree = "<group>"; };
		8CF3B27724CD304D00C4390E /* CurrencyListTableViewCell.swift */ = {isa = PBXFileReference; lastKnownFileType = sourcecode.swift; path = CurrencyListTableViewCell.swift; sourceTree = "<group>"; };
		8CF7E4C824CC923B007FAACB /* CurrenciesConvertViewController.swift */ = {isa = PBXFileReference; lastKnownFileType = sourcecode.swift; path = CurrenciesConvertViewController.swift; sourceTree = "<group>"; };
		8CF7E4CB24CC99BD007FAACB /* CurrenciesVonvertTableViewCell.swift */ = {isa = PBXFileReference; lastKnownFileType = sourcecode.swift; path = CurrenciesVonvertTableViewCell.swift; sourceTree = "<group>"; };
		CD87D1E573D5DF0345820B95 /* Pods_ExChanger.framework */ = {isa = PBXFileReference; explicitFileType = wrapper.framework; includeInIndex = 0; path = Pods_ExChanger.framework; sourceTree = BUILT_PRODUCTS_DIR; };
		D54EA58EEEA65E28DD1B5F4E /* Pods-ExChanger.debug.xcconfig */ = {isa = PBXFileReference; includeInIndex = 1; lastKnownFileType = text.xcconfig; name = "Pods-ExChanger.debug.xcconfig"; path = "Target Support Files/Pods-ExChanger/Pods-ExChanger.debug.xcconfig"; sourceTree = "<group>"; };
		EEC9217B24E8E29A00B44696 /* Const.swift */ = {isa = PBXFileReference; lastKnownFileType = sourcecode.swift; path = Const.swift; sourceTree = "<group>"; };
		EEF2402924E8EBC100FE4CA7 /* GoogleService-Info.plist */ = {isa = PBXFileReference; fileEncoding = 4; lastKnownFileType = text.plist.xml; path = "GoogleService-Info.plist"; sourceTree = "<group>"; };
/* End PBXFileReference section */

/* Begin PBXFrameworksBuildPhase section */
		8C53D55624CBDF5D00D3395C /* Frameworks */ = {
			isa = PBXFrameworksBuildPhase;
			buildActionMask = 2147483647;
			files = (
				12269D6C1BDC6DF7CF00CFD5 /* Pods_ExChanger.framework in Frameworks */,
			);
			runOnlyForDeploymentPostprocessing = 0;
		};
		8C53D57124CBDF5F00D3395C /* Frameworks */ = {
			isa = PBXFrameworksBuildPhase;
			buildActionMask = 2147483647;
			files = (
			);
			runOnlyForDeploymentPostprocessing = 0;
		};
		8C53D57C24CBDF5F00D3395C /* Frameworks */ = {
			isa = PBXFrameworksBuildPhase;
			buildActionMask = 2147483647;
			files = (
			);
			runOnlyForDeploymentPostprocessing = 0;
		};
/* End PBXFrameworksBuildPhase section */

/* Begin PBXGroup section */
		06AB1BD4FDDEBFF8605E9354 /* Pods */ = {
			isa = PBXGroup;
			children = (
				D54EA58EEEA65E28DD1B5F4E /* Pods-ExChanger.debug.xcconfig */,
				8C7D48BCBAF69DBD3450AA3A /* Pods-ExChanger.release.xcconfig */,
			);
			path = Pods;
			sourceTree = "<group>";
		};
		780433BCD8F11851E9492B79 /* Frameworks */ = {
			isa = PBXGroup;
			children = (
				8C4C7F6F24CDE36E0011DAD1 /* RxCocoa.framework */,
				8C4C7F6B24CDE3630011DAD1 /* RxSwift.framework */,
				CD87D1E573D5DF0345820B95 /* Pods_ExChanger.framework */,
			);
			name = Frameworks;
			sourceTree = "<group>";
		};
		8C53D55024CBDF5D00D3395C = {
			isa = PBXGroup;
			children = (
				8C53D55B24CBDF5D00D3395C /* ExChanger */,
				8C53D57724CBDF5F00D3395C /* ExChangerTests */,
				8C53D58224CBDF5F00D3395C /* ExChangerUITests */,
				8C53D55A24CBDF5D00D3395C /* Products */,
				06AB1BD4FDDEBFF8605E9354 /* Pods */,
				780433BCD8F11851E9492B79 /* Frameworks */,
			);
			sourceTree = "<group>";
		};
		8C53D55A24CBDF5D00D3395C /* Products */ = {
			isa = PBXGroup;
			children = (
				8C53D55924CBDF5D00D3395C /* ExChanger.app */,
				8C53D57424CBDF5F00D3395C /* ExChangerTests.xctest */,
				8C53D57F24CBDF5F00D3395C /* ExChangerUITests.xctest */,
			);
			name = Products;
			sourceTree = "<group>";
		};
		8C53D55B24CBDF5D00D3395C /* ExChanger */ = {
			isa = PBXGroup;
			children = (
				8C53D59124CBE30400D3395C /* Models */,
				8C53D59224CBE31000D3395C /* Views */,
				8C53D59324CBE31D00D3395C /* ViewModels */,
				8C53D59424CBE36400D3395C /* Data */,
				8C53D59524CBE37400D3395C /* Common */,
				8C53D55C24CBDF5D00D3395C /* AppDelegate.swift */,
				8C53D55E24CBDF5D00D3395C /* SceneDelegate.swift */,
				8C52919E24F6F27D000A14D9 /* Assets.xcassets */,
				8C53D56F24CBDF5F00D3395C /* Info.plist */,
				EEF2402924E8EBC100FE4CA7 /* GoogleService-Info.plist */,
			);
			path = ExChanger;
			sourceTree = "<group>";
		};
		8C53D57724CBDF5F00D3395C /* ExChangerTests */ = {
			isa = PBXGroup;
			children = (
				8C53D57824CBDF5F00D3395C /* ExChangerTests.swift */,
				8C53D57A24CBDF5F00D3395C /* Info.plist */,
			);
			path = ExChangerTests;
			sourceTree = "<group>";
		};
		8C53D58224CBDF5F00D3395C /* ExChangerUITests */ = {
			isa = PBXGroup;
			children = (
				8C53D58324CBDF5F00D3395C /* ExChangerUITests.swift */,
				8C53D58524CBDF5F00D3395C /* Info.plist */,
			);
			path = ExChangerUITests;
			sourceTree = "<group>";
		};
		8C53D59124CBE30400D3395C /* Models */ = {
			isa = PBXGroup;
			children = (
				8C4C7F6324CD98F10011DAD1 /* Currencies.swift */,
				8C52A4AB24CE950400E36B13 /* Quotes.swift */,
				8C55D1B824D093FF008D40F0 /* Convert.swift */,
				8CA5B3F024D1DFC0009210D2 /* SectionOfConversion.swift */,
			);
			path = Models;
			sourceTree = "<group>";
		};
		8C53D59224CBE31000D3395C /* Views */ = {
			isa = PBXGroup;
			children = (
				8C53D59A24CBE4EF00D3395C /* ViewController */,
				8C53D59B24CBE50800D3395C /* Storyboard */,
			);
			path = Views;
			sourceTree = "<group>";
		};
		8C53D59324CBE31D00D3395C /* ViewModels */ = {
			isa = PBXGroup;
			children = (
				8C53D5A224CBED4500D3395C /* ConvertViewModel.swift */,
				8C53D5A424CBED6300D3395C /* HistoryViewModel.swift */,
				8C53D5A624CBED7900D3395C /* CurrencyListViewModel.swift */,
				8C52A4A924CE90A200E36B13 /* CurrenciesViewModel.swift */,
			);
			path = ViewModels;
			sourceTree = "<group>";
		};
		8C53D59424CBE36400D3395C /* Data */ = {
			isa = PBXGroup;
			children = (
				8C53D59824CBE3D600D3395C /* APIServices */,
				8C53D59924CBE3E600D3395C /* LocalStorage */,
			);
			path = Data;
			sourceTree = "<group>";
		};
		8C53D59524CBE37400D3395C /* Common */ = {
			isa = PBXGroup;
			children = (
				8C53D59724CBE39B00D3395C /* Extensions */,
				8C53D59624CBE38D00D3395C /* Utility */,
			);
			path = Common;
			sourceTree = "<group>";
		};
		8C53D59624CBE38D00D3395C /* Utility */ = {
			isa = PBXGroup;
			children = (
				8CCAAAE024D17A5600334754 /* ExchangerUtil.swift */,
				8C4C7F6724CDB9220011DAD1 /* Reachability.swift */,
				8C4C7F6124CD915A0011DAD1 /* UserDefaultsKeys.swift */,
				8C4C7F5D24CD91280011DAD1 /* IndicatorView.swift */,
				EEC9217B24E8E29A00B44696 /* Const.swift */,
				4213116A265BF98D0037CCE0 /* ToastView.swift */,
			);
			path = Utility;
			sourceTree = "<group>";
		};
		8C53D59724CBE39B00D3395C /* Extensions */ = {
			isa = PBXGroup;
			children = (
				8C4C7F5F24CD91530011DAD1 /* UserDefaults+Extension.swift */,
			);
			path = Extensions;
			sourceTree = "<group>";
		};
		8C53D59824CBE3D600D3395C /* APIServices */ = {
			isa = PBXGroup;
			children = (
				8C4C7F6524CDA8E70011DAD1 /* CurrencylayerAPIClient.swift */,
				8C4C7F6924CDBA690011DAD1 /* Paths.swift */,
			);
			path = APIServices;
			sourceTree = "<group>";
		};
		8C53D59924CBE3E600D3395C /* LocalStorage */ = {
			isa = PBXGroup;
			children = (
				8C53D56724CBDF5D00D3395C /* ExChanger.xcdatamodeld */,
				8CA5B3F224D1E4BF009210D2 /* CoreDataClient.swift */,
			);
			path = LocalStorage;
			sourceTree = "<group>";
		};
		8C53D59A24CBE4EF00D3395C /* ViewController */ = {
			isa = PBXGroup;
			children = (
				8CCAAAD824D179CC00334754 /* History */,
				8CF3B27624CD2D8800C4390E /* CurrencyList */,
				8CF7E4CA24CC990A007FAACB /* CurrenciesConvert */,
				8C53D59C24CBEC6500D3395C /* ConvertViewController.swift */,
			);
			path = ViewController;
			sourceTree = "<group>";
		};
		8C53D59B24CBE50800D3395C /* Storyboard */ = {
			isa = PBXGroup;
			children = (
				8C53D56424CBDF5D00D3395C /* Main.storyboard */,
				8C53D56C24CBDF5F00D3395C /* LaunchScreen.storyboard */,
			);
			path = Storyboard;
			sourceTree = "<group>";
		};
		8CCAAAD824D179CC00334754 /* History */ = {
			isa = PBXGroup;
			children = (
				8CCAAADB24D17A0800334754 /* TableViewCell */,
				8C53D59E24CBECD400D3395C /* HistoryViewController.swift */,
			);
			path = History;
			sourceTree = "<group>";
		};
		8CCAAADB24D17A0800334754 /* TableViewCell */ = {
			isa = PBXGroup;
			children = (
				8CCAAADC24D17A1F00334754 /* HistoryTableViewCell.swift */,
				8CCAAADD24D17A2000334754 /* HistoryTableViewCell.xib */,
			);
			path = TableViewCell;
			sourceTree = "<group>";
		};
		8CF3B27624CD2D8800C4390E /* CurrencyList */ = {
			isa = PBXGroup;
			children = (
				8C53D5A024CBED1200D3395C /* CurrencyListViewController.swift */,
				8CF3B27724CD304D00C4390E /* CurrencyListTableViewCell.swift */,
			);
			path = CurrencyList;
			sourceTree = "<group>";
		};
		8CF7E4CA24CC990A007FAACB /* CurrenciesConvert */ = {
			isa = PBXGroup;
			children = (
				8CF7E4C824CC923B007FAACB /* CurrenciesConvertViewController.swift */,
				8CF7E4CB24CC99BD007FAACB /* CurrenciesVonvertTableViewCell.swift */,
			);
			path = CurrenciesConvert;
			sourceTree = "<group>";
		};
/* End PBXGroup section */

/* Begin PBXNativeTarget section */
		8C53D55824CBDF5D00D3395C /* ExChanger */ = {
			isa = PBXNativeTarget;
			buildConfigurationList = 8C53D58824CBDF5F00D3395C /* Build configuration list for PBXNativeTarget "ExChanger" */;
			buildPhases = (
				C2C0099AE587081A60CD9DD8 /* [CP] Check Pods Manifest.lock */,
				8C53D55524CBDF5D00D3395C /* Sources */,
				8C53D55624CBDF5D00D3395C /* Frameworks */,
				8C53D55724CBDF5D00D3395C /* Resources */,
				1AA4D5B5D3A74B6B1A8730F4 /* [CP] Embed Pods Frameworks */,
			);
			buildRules = (
			);
			dependencies = (
			);
			name = ExChanger;
			productName = ExChanger;
			productReference = 8C53D55924CBDF5D00D3395C /* ExChanger.app */;
			productType = "com.apple.product-type.application";
		};
		8C53D57324CBDF5F00D3395C /* ExChangerTests */ = {
			isa = PBXNativeTarget;
			buildConfigurationList = 8C53D58B24CBDF5F00D3395C /* Build configuration list for PBXNativeTarget "ExChangerTests" */;
			buildPhases = (
				8C53D57024CBDF5F00D3395C /* Sources */,
				8C53D57124CBDF5F00D3395C /* Frameworks */,
				8C53D57224CBDF5F00D3395C /* Resources */,
			);
			buildRules = (
			);
			dependencies = (
				8C53D57624CBDF5F00D3395C /* PBXTargetDependency */,
			);
			name = ExChangerTests;
			productName = ExChangerTests;
			productReference = 8C53D57424CBDF5F00D3395C /* ExChangerTests.xctest */;
			productType = "com.apple.product-type.bundle.unit-test";
		};
		8C53D57E24CBDF5F00D3395C /* ExChangerUITests */ = {
			isa = PBXNativeTarget;
			buildConfigurationList = 8C53D58E24CBDF5F00D3395C /* Build configuration list for PBXNativeTarget "ExChangerUITests" */;
			buildPhases = (
				8C53D57B24CBDF5F00D3395C /* Sources */,
				8C53D57C24CBDF5F00D3395C /* Frameworks */,
				8C53D57D24CBDF5F00D3395C /* Resources */,
			);
			buildRules = (
			);
			dependencies = (
				8C53D58124CBDF5F00D3395C /* PBXTargetDependency */,
			);
			name = ExChangerUITests;
			productName = ExChangerUITests;
			productReference = 8C53D57F24CBDF5F00D3395C /* ExChangerUITests.xctest */;
			productType = "com.apple.product-type.bundle.ui-testing";
		};
/* End PBXNativeTarget section */

/* Begin PBXProject section */
		8C53D55124CBDF5D00D3395C /* Project object */ = {
			isa = PBXProject;
			attributes = {
				LastSwiftUpdateCheck = 1150;
				LastUpgradeCheck = 1150;
				ORGANIZATIONNAME = "Grey Matter";
				TargetAttributes = {
					8C53D55824CBDF5D00D3395C = {
						CreatedOnToolsVersion = 11.5;
					};
					8C53D57324CBDF5F00D3395C = {
						CreatedOnToolsVersion = 11.5;
						TestTargetID = 8C53D55824CBDF5D00D3395C;
					};
					8C53D57E24CBDF5F00D3395C = {
						CreatedOnToolsVersion = 11.5;
						TestTargetID = 8C53D55824CBDF5D00D3395C;
					};
				};
			};
			buildConfigurationList = 8C53D55424CBDF5D00D3395C /* Build configuration list for PBXProject "ExChanger" */;
			compatibilityVersion = "Xcode 9.3";
			developmentRegion = en;
			hasScannedForEncodings = 0;
			knownRegions = (
				en,
				Base,
			);
			mainGroup = 8C53D55024CBDF5D00D3395C;
			productRefGroup = 8C53D55A24CBDF5D00D3395C /* Products */;
			projectDirPath = "";
			projectRoot = "";
			targets = (
				8C53D55824CBDF5D00D3395C /* ExChanger */,
				8C53D57324CBDF5F00D3395C /* ExChangerTests */,
				8C53D57E24CBDF5F00D3395C /* ExChangerUITests */,
			);
		};
/* End PBXProject section */

/* Begin PBXResourcesBuildPhase section */
		8C53D55724CBDF5D00D3395C /* Resources */ = {
			isa = PBXResourcesBuildPhase;
			buildActionMask = 2147483647;
			files = (
				8C53D56E24CBDF5F00D3395C /* LaunchScreen.storyboard in Resources */,
				EEF2402A24E8EBC100FE4CA7 /* GoogleService-Info.plist in Resources */,
				8C53D56624CBDF5D00D3395C /* Main.storyboard in Resources */,
				8CCAAADF24D17A2000334754 /* HistoryTableViewCell.xib in Resources */,
				8C52919F24F6F27E000A14D9 /* Assets.xcassets in Resources */,
			);
			runOnlyForDeploymentPostprocessing = 0;
		};
		8C53D57224CBDF5F00D3395C /* Resources */ = {
			isa = PBXResourcesBuildPhase;
			buildActionMask = 2147483647;
			files = (
			);
			runOnlyForDeploymentPostprocessing = 0;
		};
		8C53D57D24CBDF5F00D3395C /* Resources */ = {
			isa = PBXResourcesBuildPhase;
			buildActionMask = 2147483647;
			files = (
			);
			runOnlyForDeploymentPostprocessing = 0;
		};
/* End PBXResourcesBuildPhase section */

/* Begin PBXShellScriptBuildPhase section */
		1AA4D5B5D3A74B6B1A8730F4 /* [CP] Embed Pods Frameworks */ = {
			isa = PBXShellScriptBuildPhase;
			buildActionMask = 2147483647;
			files = (
			);
			inputFileListPaths = (
				"${PODS_ROOT}/Target Support Files/Pods-ExChanger/Pods-ExChanger-frameworks-${CONFIGURATION}-input-files.xcfilelist",
			);
			name = "[CP] Embed Pods Frameworks";
			outputFileListPaths = (
				"${PODS_ROOT}/Target Support Files/Pods-ExChanger/Pods-ExChanger-frameworks-${CONFIGURATION}-output-files.xcfilelist",
			);
			runOnlyForDeploymentPostprocessing = 0;
			shellPath = /bin/sh;
			shellScript = "\"${PODS_ROOT}/Target Support Files/Pods-ExChanger/Pods-ExChanger-frameworks.sh\"\n";
			showEnvVarsInLog = 0;
		};
		C2C0099AE587081A60CD9DD8 /* [CP] Check Pods Manifest.lock */ = {
			isa = PBXShellScriptBuildPhase;
			buildActionMask = 2147483647;
			files = (
			);
			inputFileListPaths = (
			);
			inputPaths = (
				"${PODS_PODFILE_DIR_PATH}/Podfile.lock",
				"${PODS_ROOT}/Manifest.lock",
			);
			name = "[CP] Check Pods Manifest.lock";
			outputFileListPaths = (
			);
			outputPaths = (
				"$(DERIVED_FILE_DIR)/Pods-ExChanger-checkManifestLockResult.txt",
			);
			runOnlyForDeploymentPostprocessing = 0;
			shellPath = /bin/sh;
			shellScript = "diff \"${PODS_PODFILE_DIR_PATH}/Podfile.lock\" \"${PODS_ROOT}/Manifest.lock\" > /dev/null\nif [ $? != 0 ] ; then\n    # print error to STDERR\n    echo \"error: The sandbox is not in sync with the Podfile.lock. Run 'pod install' or update your CocoaPods installation.\" >&2\n    exit 1\nfi\n# This output is used by Xcode 'outputs' to avoid re-running this script phase.\necho \"SUCCESS\" > \"${SCRIPT_OUTPUT_FILE_0}\"\n";
			showEnvVarsInLog = 0;
		};
/* End PBXShellScriptBuildPhase section */

/* Begin PBXSourcesBuildPhase section */
		8C53D55524CBDF5D00D3395C /* Sources */ = {
			isa = PBXSourcesBuildPhase;
			buildActionMask = 2147483647;
			files = (
				8C53D55D24CBDF5D00D3395C /* AppDelegate.swift in Sources */,
				8C53D56924CBDF5D00D3395C /* ExChanger.xcdatamodeld in Sources */,
				8C53D59D24CBEC6500D3395C /* ConvertViewController.swift in Sources */,
				8C4C7F5E24CD91280011DAD1 /* IndicatorView.swift in Sources */,
				8CF7E4C924CC923B007FAACB /* CurrenciesConvertViewController.swift in Sources */,
				8CF3B27824CD304D00C4390E /* CurrencyListTableViewCell.swift in Sources */,
				8CA5B3F324D1E4BF009210D2 /* CoreDataClient.swift in Sources */,
				8C4C7F6024CD91530011DAD1 /* UserDefaults+Extension.swift in Sources */,
				4213116B265BF98D0037CCE0 /* ToastView.swift in Sources */,
				EEC9217C24E8E29A00B44696 /* Const.swift in Sources */,
				8C52A4AA24CE90A200E36B13 /* CurrenciesViewModel.swift in Sources */,
				8CCAAADE24D17A2000334754 /* HistoryTableViewCell.swift in Sources */,
				8CCAAAE124D17A5600334754 /* ExchangerUtil.swift in Sources */,
				8CA5B3F124D1DFC0009210D2 /* SectionOfConversion.swift in Sources */,
				8C4C7F6624CDA8E70011DAD1 /* CurrencylayerAPIClient.swift in Sources */,
				8C4C7F6224CD915A0011DAD1 /* UserDefaultsKeys.swift in Sources */,
				8C53D59F24CBECD400D3395C /* HistoryViewController.swift in Sources */,
				8C4C7F6A24CDBA690011DAD1 /* Paths.swift in Sources */,
				8CF7E4CC24CC99BD007FAACB /* CurrenciesVonvertTableViewCell.swift in Sources */,
				8C53D5A124CBED1200D3395C /* CurrencyListViewController.swift in Sources */,
				8C52A4AC24CE950400E36B13 /* Quotes.swift in Sources */,
				8C53D5A324CBED4500D3395C /* ConvertViewModel.swift in Sources */,
				8C53D55F24CBDF5D00D3395C /* SceneDelegate.swift in Sources */,
				8C4C7F6824CDB9220011DAD1 /* Reachability.swift in Sources */,
				8C53D5A724CBED7900D3395C /* CurrencyListViewModel.swift in Sources */,
				8C55D1B924D093FF008D40F0 /* Convert.swift in Sources */,
				8C4C7F6424CD98F10011DAD1 /* Currencies.swift in Sources */,
				8C53D5A524CBED6300D3395C /* HistoryViewModel.swift in Sources */,
			);
			runOnlyForDeploymentPostprocessing = 0;
		};
		8C53D57024CBDF5F00D3395C /* Sources */ = {
			isa = PBXSourcesBuildPhase;
			buildActionMask = 2147483647;
			files = (
				8C53D57924CBDF5F00D3395C /* ExChangerTests.swift in Sources */,
			);
			runOnlyForDeploymentPostprocessing = 0;
		};
		8C53D57B24CBDF5F00D3395C /* Sources */ = {
			isa = PBXSourcesBuildPhase;
			buildActionMask = 2147483647;
			files = (
				8C53D58424CBDF5F00D3395C /* ExChangerUITests.swift in Sources */,
			);
			runOnlyForDeploymentPostprocessing = 0;
		};
/* End PBXSourcesBuildPhase section */

/* Begin PBXTargetDependency section */
		8C53D57624CBDF5F00D3395C /* PBXTargetDependency */ = {
			isa = PBXTargetDependency;
			target = 8C53D55824CBDF5D00D3395C /* ExChanger */;
			targetProxy = 8C53D57524CBDF5F00D3395C /* PBXContainerItemProxy */;
		};
		8C53D58124CBDF5F00D3395C /* PBXTargetDependency */ = {
			isa = PBXTargetDependency;
			target = 8C53D55824CBDF5D00D3395C /* ExChanger */;
			targetProxy = 8C53D58024CBDF5F00D3395C /* PBXContainerItemProxy */;
		};
/* End PBXTargetDependency section */

/* Begin PBXVariantGroup section */
		8C53D56424CBDF5D00D3395C /* Main.storyboard */ = {
			isa = PBXVariantGroup;
			children = (
				8C53D56524CBDF5D00D3395C /* Base */,
			);
			name = Main.storyboard;
			sourceTree = "<group>";
		};
		8C53D56C24CBDF5F00D3395C /* LaunchScreen.storyboard */ = {
			isa = PBXVariantGroup;
			children = (
				8C53D56D24CBDF5F00D3395C /* Base */,
			);
			name = LaunchScreen.storyboard;
			sourceTree = "<group>";
		};
/* End PBXVariantGroup section */

/* Begin XCBuildConfiguration section */
		8C53D58624CBDF5F00D3395C /* Debug */ = {
			isa = XCBuildConfiguration;
			buildSettings = {
				ALWAYS_SEARCH_USER_PATHS = NO;
				CLANG_ANALYZER_NONNULL = YES;
				CLANG_ANALYZER_NUMBER_OBJECT_CONVERSION = YES_AGGRESSIVE;
				CLANG_CXX_LANGUAGE_STANDARD = "gnu++14";
				CLANG_CXX_LIBRARY = "libc++";
				CLANG_ENABLE_MODULES = YES;
				CLANG_ENABLE_OBJC_ARC = YES;
				CLANG_ENABLE_OBJC_WEAK = YES;
				CLANG_WARN_BLOCK_CAPTURE_AUTORELEASING = YES;
				CLANG_WARN_BOOL_CONVERSION = YES;
				CLANG_WARN_COMMA = YES;
				CLANG_WARN_CONSTANT_CONVERSION = YES;
				CLANG_WARN_DEPRECATED_OBJC_IMPLEMENTATIONS = YES;
				CLANG_WARN_DIRECT_OBJC_ISA_USAGE = YES_ERROR;
				CLANG_WARN_DOCUMENTATION_COMMENTS = YES;
				CLANG_WARN_EMPTY_BODY = YES;
				CLANG_WARN_ENUM_CONVERSION = YES;
				CLANG_WARN_INFINITE_RECURSION = YES;
				CLANG_WARN_INT_CONVERSION = YES;
				CLANG_WARN_NON_LITERAL_NULL_CONVERSION = YES;
				CLANG_WARN_OBJC_IMPLICIT_RETAIN_SELF = YES;
				CLANG_WARN_OBJC_LITERAL_CONVERSION = YES;
				CLANG_WARN_OBJC_ROOT_CLASS = YES_ERROR;
				CLANG_WARN_RANGE_LOOP_ANALYSIS = YES;
				CLANG_WARN_STRICT_PROTOTYPES = YES;
				CLANG_WARN_SUSPICIOUS_MOVE = YES;
				CLANG_WARN_UNGUARDED_AVAILABILITY = YES_AGGRESSIVE;
				CLANG_WARN_UNREACHABLE_CODE = YES;
				CLANG_WARN__DUPLICATE_METHOD_MATCH = YES;
				COPY_PHASE_STRIP = NO;
				DEBUG_INFORMATION_FORMAT = dwarf;
				ENABLE_STRICT_OBJC_MSGSEND = YES;
				ENABLE_TESTABILITY = YES;
				GCC_C_LANGUAGE_STANDARD = gnu11;
				GCC_DYNAMIC_NO_PIC = NO;
				GCC_NO_COMMON_BLOCKS = YES;
				GCC_OPTIMIZATION_LEVEL = 0;
				GCC_PREPROCESSOR_DEFINITIONS = (
					"DEBUG=1",
					"$(inherited)",
				);
				GCC_WARN_64_TO_32_BIT_CONVERSION = YES;
				GCC_WARN_ABOUT_RETURN_TYPE = YES_ERROR;
				GCC_WARN_UNDECLARED_SELECTOR = YES;
				GCC_WARN_UNINITIALIZED_AUTOS = YES_AGGRESSIVE;
				GCC_WARN_UNUSED_FUNCTION = YES;
				GCC_WARN_UNUSED_VARIABLE = YES;
				IPHONEOS_DEPLOYMENT_TARGET = 13.0;
				MTL_ENABLE_DEBUG_INFO = INCLUDE_SOURCE;
				MTL_FAST_MATH = YES;
				ONLY_ACTIVE_ARCH = YES;
				SDKROOT = iphoneos;
				SWIFT_ACTIVE_COMPILATION_CONDITIONS = DEBUG;
				SWIFT_OPTIMIZATION_LEVEL = "-Onone";
			};
			name = Debug;
		};
		8C53D58724CBDF5F00D3395C /* Release */ = {
			isa = XCBuildConfiguration;
			buildSettings = {
				ALWAYS_SEARCH_USER_PATHS = NO;
				CLANG_ANALYZER_NONNULL = YES;
				CLANG_ANALYZER_NUMBER_OBJECT_CONVERSION = YES_AGGRESSIVE;
				CLANG_CXX_LANGUAGE_STANDARD = "gnu++14";
				CLANG_CXX_LIBRARY = "libc++";
				CLANG_ENABLE_MODULES = YES;
				CLANG_ENABLE_OBJC_ARC = YES;
				CLANG_ENABLE_OBJC_WEAK = YES;
				CLANG_WARN_BLOCK_CAPTURE_AUTORELEASING = YES;
				CLANG_WARN_BOOL_CONVERSION = YES;
				CLANG_WARN_COMMA = YES;
				CLANG_WARN_CONSTANT_CONVERSION = YES;
				CLANG_WARN_DEPRECATED_OBJC_IMPLEMENTATIONS = YES;
				CLANG_WARN_DIRECT_OBJC_ISA_USAGE = YES_ERROR;
				CLANG_WARN_DOCUMENTATION_COMMENTS = YES;
				CLANG_WARN_EMPTY_BODY = YES;
				CLANG_WARN_ENUM_CONVERSION = YES;
				CLANG_WARN_INFINITE_RECURSION = YES;
				CLANG_WARN_INT_CONVERSION = YES;
				CLANG_WARN_NON_LITERAL_NULL_CONVERSION = YES;
				CLANG_WARN_OBJC_IMPLICIT_RETAIN_SELF = YES;
				CLANG_WARN_OBJC_LITERAL_CONVERSION = YES;
				CLANG_WARN_OBJC_ROOT_CLASS = YES_ERROR;
				CLANG_WARN_RANGE_LOOP_ANALYSIS = YES;
				CLANG_WARN_STRICT_PROTOTYPES = YES;
				CLANG_WARN_SUSPICIOUS_MOVE = YES;
				CLANG_WARN_UNGUARDED_AVAILABILITY = YES_AGGRESSIVE;
				CLANG_WARN_UNREACHABLE_CODE = YES;
				CLANG_WARN__DUPLICATE_METHOD_MATCH = YES;
				COPY_PHASE_STRIP = NO;
				DEBUG_INFORMATION_FORMAT = "dwarf-with-dsym";
				ENABLE_NS_ASSERTIONS = NO;
				ENABLE_STRICT_OBJC_MSGSEND = YES;
				GCC_C_LANGUAGE_STANDARD = gnu11;
				GCC_NO_COMMON_BLOCKS = YES;
				GCC_WARN_64_TO_32_BIT_CONVERSION = YES;
				GCC_WARN_ABOUT_RETURN_TYPE = YES_ERROR;
				GCC_WARN_UNDECLARED_SELECTOR = YES;
				GCC_WARN_UNINITIALIZED_AUTOS = YES_AGGRESSIVE;
				GCC_WARN_UNUSED_FUNCTION = YES;
				GCC_WARN_UNUSED_VARIABLE = YES;
				IPHONEOS_DEPLOYMENT_TARGET = 13.0;
				MTL_ENABLE_DEBUG_INFO = NO;
				MTL_FAST_MATH = YES;
				SDKROOT = iphoneos;
				SWIFT_COMPILATION_MODE = wholemodule;
				SWIFT_OPTIMIZATION_LEVEL = "-O";
				VALIDATE_PRODUCT = YES;
			};
			name = Release;
		};
		8C53D58924CBDF5F00D3395C /* Debug */ = {
			isa = XCBuildConfiguration;
			baseConfigurationReference = D54EA58EEEA65E28DD1B5F4E /* Pods-ExChanger.debug.xcconfig */;
			buildSettings = {
				ASSETCATALOG_COMPILER_APPICON_NAME = AppIcon;
				CODE_SIGN_IDENTITY = "Apple Development";
				CODE_SIGN_STYLE = Automatic;
				CURRENT_PROJECT_VERSION = 1.0.2.4;
				DEVELOPMENT_TEAM = "";
				INFOPLIST_FILE = ExChanger/Info.plist;
				LD_RUNPATH_SEARCH_PATHS = (
					"$(inherited)",
					"@executable_path/Frameworks",
				);
				MARKETING_VERSION = 1.0.2;
				OTHER_SWIFT_FLAGS = "$(inherited) -D COCOAPODS";
				PRODUCT_BUNDLE_IDENTIFIER = me.inkchat.exchanger;
				PRODUCT_NAME = "$(TARGET_NAME)";
				PROVISIONING_PROFILE_SPECIFIER = "";
				SWIFT_ACTIVE_COMPILATION_CONDITIONS = "";
				SWIFT_VERSION = 5.0;
				TARGETED_DEVICE_FAMILY = "1,2";
			};
			name = Debug;
		};
		8C53D58A24CBDF5F00D3395C /* Release */ = {
			isa = XCBuildConfiguration;
			baseConfigurationReference = 8C7D48BCBAF69DBD3450AA3A /* Pods-ExChanger.release.xcconfig */;
			buildSettings = {
				ASSETCATALOG_COMPILER_APPICON_NAME = AppIcon;
				CODE_SIGN_IDENTITY = "Apple Development";
				CODE_SIGN_STYLE = Automatic;
				CURRENT_PROJECT_VERSION = 1.0.2.4;
				DEVELOPMENT_TEAM = "";
				INFOPLIST_FILE = ExChanger/Info.plist;
				LD_RUNPATH_SEARCH_PATHS = (
					"$(inherited)",
					"@executable_path/Frameworks",
				);
				MARKETING_VERSION = 1.0.2;
				OTHER_SWIFT_FLAGS = "$(inherited) -D COCOAPODS";
				PRODUCT_BUNDLE_IDENTIFIER = me.inkchat.exchanger;
				PRODUCT_NAME = "$(TARGET_NAME)";
				PROVISIONING_PROFILE_SPECIFIER = "";
				SWIFT_ACTIVE_COMPILATION_CONDITIONS = "";
				SWIFT_VERSION = 5.0;
				TARGETED_DEVICE_FAMILY = "1,2";
			};
			name = Release;
		};
		8C53D58C24CBDF5F00D3395C /* Debug */ = {
			isa = XCBuildConfiguration;
			buildSettings = {
				ALWAYS_EMBED_SWIFT_STANDARD_LIBRARIES = YES;
				BUNDLE_LOADER = "$(TEST_HOST)";
				CODE_SIGN_STYLE = Automatic;
				DEVELOPMENT_TEAM = F4C8352FKZ;
				INFOPLIST_FILE = ExChangerTests/Info.plist;
				IPHONEOS_DEPLOYMENT_TARGET = 13.5;
				LD_RUNPATH_SEARCH_PATHS = (
					"$(inherited)",
					"@executable_path/Frameworks",
					"@loader_path/Frameworks",
				);
				PRODUCT_BUNDLE_IDENTIFIER = greymatter.co.bd.ExChangerTests;
				PRODUCT_NAME = "$(TARGET_NAME)";
				SWIFT_VERSION = 5.0;
				TARGETED_DEVICE_FAMILY = "1,2";
				TEST_HOST = "$(BUILT_PRODUCTS_DIR)/ExChanger.app/ExChanger";
			};
			name = Debug;
		};
		8C53D58D24CBDF5F00D3395C /* Release */ = {
			isa = XCBuildConfiguration;
			buildSettings = {
				ALWAYS_EMBED_SWIFT_STANDARD_LIBRARIES = YES;
				BUNDLE_LOADER = "$(TEST_HOST)";
				CODE_SIGN_STYLE = Automatic;
				DEVELOPMENT_TEAM = F4C8352FKZ;
				INFOPLIST_FILE = ExChangerTests/Info.plist;
				IPHONEOS_DEPLOYMENT_TARGET = 13.5;
				LD_RUNPATH_SEARCH_PATHS = (
					"$(inherited)",
					"@executable_path/Frameworks",
					"@loader_path/Frameworks",
				);
				PRODUCT_BUNDLE_IDENTIFIER = greymatter.co.bd.ExChangerTests;
				PRODUCT_NAME = "$(TARGET_NAME)";
				SWIFT_VERSION = 5.0;
				TARGETED_DEVICE_FAMILY = "1,2";
				TEST_HOST = "$(BUILT_PRODUCTS_DIR)/ExChanger.app/ExChanger";
			};
			name = Release;
		};
		8C53D58F24CBDF5F00D3395C /* Debug */ = {
			isa = XCBuildConfiguration;
			buildSettings = {
				ALWAYS_EMBED_SWIFT_STANDARD_LIBRARIES = YES;
				CODE_SIGN_STYLE = Automatic;
				DEVELOPMENT_TEAM = F4C8352FKZ;
				INFOPLIST_FILE = ExChangerUITests/Info.plist;
				LD_RUNPATH_SEARCH_PATHS = (
					"$(inherited)",
					"@executable_path/Frameworks",
					"@loader_path/Frameworks",
				);
				PRODUCT_BUNDLE_IDENTIFIER = greymatter.co.bd.ExChangerUITests;
				PRODUCT_NAME = "$(TARGET_NAME)";
				SWIFT_VERSION = 5.0;
				TARGETED_DEVICE_FAMILY = "1,2";
				TEST_TARGET_NAME = ExChanger;
			};
			name = Debug;
		};
		8C53D59024CBDF5F00D3395C /* Release */ = {
			isa = XCBuildConfiguration;
			buildSettings = {
				ALWAYS_EMBED_SWIFT_STANDARD_LIBRARIES = YES;
				CODE_SIGN_STYLE = Automatic;
				DEVELOPMENT_TEAM = F4C8352FKZ;
				INFOPLIST_FILE = ExChangerUITests/Info.plist;
				LD_RUNPATH_SEARCH_PATHS = (
					"$(inherited)",
					"@executable_path/Frameworks",
					"@loader_path/Frameworks",
				);
				PRODUCT_BUNDLE_IDENTIFIER = greymatter.co.bd.ExChangerUITests;
				PRODUCT_NAME = "$(TARGET_NAME)";
				SWIFT_VERSION = 5.0;
				TARGETED_DEVICE_FAMILY = "1,2";
				TEST_TARGET_NAME = ExChanger;
			};
			name = Release;
		};
/* End XCBuildConfiguration section */

/* Begin XCConfigurationList section */
		8C53D55424CBDF5D00D3395C /* Build configuration list for PBXProject "ExChanger" */ = {
			isa = XCConfigurationList;
			buildConfigurations = (
				8C53D58624CBDF5F00D3395C /* Debug */,
				8C53D58724CBDF5F00D3395C /* Release */,
			);
			defaultConfigurationIsVisible = 0;
			defaultConfigurationName = Release;
		};
		8C53D58824CBDF5F00D3395C /* Build configuration list for PBXNativeTarget "ExChanger" */ = {
			isa = XCConfigurationList;
			buildConfigurations = (
				8C53D58924CBDF5F00D3395C /* Debug */,
				8C53D58A24CBDF5F00D3395C /* Release */,
			);
			defaultConfigurationIsVisible = 0;
			defaultConfigurationName = Release;
		};
		8C53D58B24CBDF5F00D3395C /* Build configuration list for PBXNativeTarget "ExChangerTests" */ = {
			isa = XCConfigurationList;
			buildConfigurations = (
				8C53D58C24CBDF5F00D3395C /* Debug */,
				8C53D58D24CBDF5F00D3395C /* Release */,
			);
			defaultConfigurationIsVisible = 0;
			defaultConfigurationName = Release;
		};
		8C53D58E24CBDF5F00D3395C /* Build configuration list for PBXNativeTarget "ExChangerUITests" */ = {
			isa = XCConfigurationList;
			buildConfigurations = (
				8C53D58F24CBDF5F00D3395C /* Debug */,
				8C53D59024CBDF5F00D3395C /* Release */,
			);
			defaultConfigurationIsVisible = 0;
			defaultConfigurationName = Release;
		};
/* End XCConfigurationList section */

/* Begin XCVersionGroup section */
		8C53D56724CBDF5D00D3395C /* ExChanger.xcdatamodeld */ = {
			isa = XCVersionGroup;
			children = (
				8C53D56824CBDF5D00D3395C /* ExChanger.xcdatamodel */,
			);
			currentVersion = 8C53D56824CBDF5D00D3395C /* ExChanger.xcdatamodel */;
			path = ExChanger.xcdatamodeld;
			sourceTree = "<group>";
			versionGroupType = wrapper.xcdatamodel;
		};
/* End XCVersionGroup section */
	};
	rootObject = 8C53D55124CBDF5D00D3395C /* Project object */;
}
